
Microsoft Visual Studio Solution File, Format Version 12.00
# Visual Studio Version 17
VisualStudioVersion = 17.8.34330.188
MinimumVisualStudioVersion = 10.0.40219.1
Project("{FAE04EC0-301F-11D3-BF4B-00C04F79EFBC}") = "MySchool.WebApi", "MySchool.WebApi\MySchool.WebApi.csproj", "{700CE161-D734-4689-B703-37C59FC429E1}"
EndProject
Global
	GlobalSection(SolutionConfigurationPlatforms) = preSolution
		Debug|Any CPU = Debug|Any CPU
		Release|Any CPU = Release|Any CPU
	EndGlobalSection
	GlobalSection(ProjectConfigurationPlatforms) = postSolution
		{700CE161-D734-4689-B703-37C59FC429E1}.Debug|Any CPU.ActiveCfg = Debug|Any CPU
		{700CE161-D734-4689-B703-37C59FC429E1}.Debug|Any CPU.Build.0 = Debug|Any CPU
		{700CE161-D734-4689-B703-37C59FC429E1}.Release|Any CPU.ActiveCfg = Release|Any CPU
		{700CE161-D734-4689-B703-37C59FC429E1}.Release|Any CPU.Build.0 = Release|Any CPU
	EndGlobalSection
	GlobalSection(SolutionProperties) = preSolution
		HideSolutionNode = FALSE
	EndGlobalSection
	GlobalSection(ExtensibilityGlobals) = postSolution
		SolutionGuid = {74ED4F8E-DF93-466B-81D2-99D8B3E25F41}
	EndGlobalSection
EndGlobal
